PODS:
  - SDWebImage (5.12.2):
    - SDWebImage/Core (= 5.12.2)
  - SDWebImage/Core (5.12.2)
  - SDWebImageSVGCoder (1.6.0):
    - SDWebImage/Core (~> 5.6)

DEPENDENCIES:
  - SDWebImage
  - SDWebImageSVGCoder

SPEC REPOS:
  trunk:
    - SDWebImage
    - SDWebImageSVGCoder

SPEC CHECKSUMS:
  SDWebImage: 240e5c12b592fb1268c1d03b8c90d90e8c2ffe82
  SDWebImageSVGCoder: 020cc0f1ab0ef8ca63a9365c03421d67aa3d4a46

PODFILE CHECKSUM: e3831289762f4ba226aa8fd4db2520c1ae8b19da

COCOAPODS: 1.11.2
